
Microsoft Visual Studio Solution File, Format Version 12.00
# Visual Studio Version 17
VisualStudioVersion = 17.9.34616.47
MinimumVisualStudioVersion = 10.0.40219.1
Project("{FAE04EC0-301F-11D3-BF4B-00C04F79EFBC}") = "ST10140587_POE_CLDV6211", "ST10140587_POE_CLDV6211\ST10140587_POE_CLDV6211.csproj", "{EDA49750-FD23-44EA-8771-BF122E8604EB}"
EndProject
Global
	GlobalSection(SolutionConfigurationPlatforms) = preSolution
		Debug|Any CPU = Debug|Any CPU
		Release|Any CPU = Release|Any CPU
	EndGlobalSection
	GlobalSection(ProjectConfigurationPlatforms) = postSolution
		{EDA49750-FD23-44EA-8771-BF122E8604EB}.Debug|Any CPU.ActiveCfg = Debug|Any CPU
		{EDA49750-FD23-44EA-8771-BF122E8604EB}.Debug|Any CPU.Build.0 = Debug|Any CPU
		{EDA49750-FD23-44EA-8771-BF122E8604EB}.Release|Any CPU.ActiveCfg = Release|Any CPU
		{EDA49750-FD23-44EA-8771-BF122E8604EB}.Release|Any CPU.Build.0 = Release|Any CPU
	EndGlobalSection
	GlobalSection(SolutionProperties) = preSolution
		HideSolutionNode = FALSE
	EndGlobalSection
	GlobalSection(ExtensibilityGlobals) = postSolution
		SolutionGuid = {35C95B51-2188-4A04-9105-EB87697813BD}
	EndGlobalSection
EndGlobal
